
Microsoft Visual Studio Solution File, Format Version 12.00
# Visual Studio Version 17
VisualStudioVersion = 17.1.32421.90
MinimumVisualStudioVersion = 10.0.40219.1
Project("{FAE04EC0-301F-11D3-BF4B-00C04F79EFBC}") = "MathQuiz", "MathQuiz\MathQuiz.csproj", "{86F8AD5D-BDDD-435E-B27E-94F89100D53F}"
EndProject
Global
	GlobalSection(SolutionConfigurationPlatforms) = preSolution
		Debug|Any CPU = Debug|Any CPU
		Release|Any CPU = Release|Any CPU
	EndGlobalSection
	GlobalSection(ProjectConfigurationPlatforms) = postSolution
		{86F8AD5D-BDDD-435E-B27E-94F89100D53F}.Debug|Any CPU.ActiveCfg = Debug|Any CPU
		{86F8AD5D-BDDD-435E-B27E-94F89100D53F}.Debug|Any CPU.Build.0 = Debug|Any CPU
		{86F8AD5D-BDDD-435E-B27E-94F89100D53F}.Release|Any CPU.ActiveCfg = Release|Any CPU
		{86F8AD5D-BDDD-435E-B27E-94F89100D53F}.Release|Any CPU.Build.0 = Release|Any CPU
	EndGlobalSection
	GlobalSection(SolutionProperties) = preSolution
		HideSolutionNode = FALSE
	EndGlobalSection
	GlobalSection(ExtensibilityGlobals) = postSolution
		SolutionGuid = {9A3887FB-9F0E-4FAA-8A16-C534E88A13DF}
	EndGlobalSection
EndGlobal
